Microsoft Visual Studio Solution File, Format Version 12.00
# Visual Studio 15
Project("{8BC9CEB8-8B4A-11D0-8D11-00A0C91BC942}") = "ALL_BUILD", "ALL_BUILD.vcxproj", "{2FB5E8D0-08BC-3E28-AB2E-31B6F39D09F7}"
	ProjectSection(ProjectDependencies) = postProject
		{EE7DB07B-F8C5-3FEA-8951-C2A97E885BDB} = {EE7DB07B-F8C5-3FEA-8951-C2A97E885BDB}
		{86196129-680D-3EAD-899E-C21B54CC7330} = {86196129-680D-3EAD-899E-C21B54CC7330}
		{85A0ADBB-F78F-30A2-85E1-C8FF354ED43D} = {85A0ADBB-F78F-30A2-85E1-C8FF354ED43D}
		{DB3718CA-EB4E-3030-9ED7-E9E9A4C4B8F9} = {DB3718CA-EB4E-3030-9ED7-E9E9A4C4B8F9}
		{9233BB0B-3CA5-364A-9FC8-E4AD9A0B54E5} = {9233BB0B-3CA5-364A-9FC8-E4AD9A0B54E5}
		{63C70444-CC11-36BF-B9A4-6FC8CCCDC71A} = {63C70444-CC11-36BF-B9A4-6FC8CCCDC71A}
		{00430490-C9F1-3DC9-B614-5914A49D8D96} = {00430490-C9F1-3DC9-B614-5914A49D8D96}
		{36990A7B-CF9E-3F14-A446-5D97BC919A39} = {36990A7B-CF9E-3F14-A446-5D97BC919A39}
		{BAE692D4-A3B6-34E7-9905-2C99B642EE3F} = {BAE692D4-A3B6-34E7-9905-2C99B642EE3F}
		{98F52489-6E19-3930-8D4C-4A37C4A3A255} = {98F52489-6E19-3930-8D4C-4A37C4A3A255}
		{F8E02FA6-11A1-39C3-B399-DA36004EE312} = {F8E02FA6-11A1-39C3-B399-DA36004EE312}
		{BC8DD97F-442E-31A8-9B36-CA96FA1731AA} = {BC8DD97F-442E-31A8-9B36-CA96FA1731AA}
		{6FD90680-FEC3-3EFB-B726-B791F8968727} = {6FD90680-FEC3-3EFB-B726-B791F8968727}
		{C37F628E-410D-3AD9-A88A-42FCD9C87359} = {C37F628E-410D-3AD9-A88A-42FCD9C87359}
		{BA4DEFA1-13A6-3578-B516-C7CA03DAFBD9} = {BA4DEFA1-13A6-3578-B516-C7CA03DAFBD9}
		{7E5DA62A-96AC-3145-972F-76DBF2E452B2} = {7E5DA62A-96AC-3145-972F-76DBF2E452B2}
		{5248882E-B027-36E0-A1F5-5C4864AB0E89} = {5248882E-B027-36E0-A1F5-5C4864AB0E89}
		{A86775CB-CCE5-3296-B005-887246B8B10F} = {A86775CB-CCE5-3296-B005-887246B8B10F}
		{B1A2931C-9ADF-3885-B08C-D82832064F7F} = {B1A2931C-9ADF-3885-B08C-D82832064F7F}
		{65BE604B-224D-34FC-BA7A-970073287FFF} = {65BE604B-224D-34FC-BA7A-970073287FFF}
	EndProjectSection
EndProject
Project("{8BC9CEB8-8B4A-11D0-8D11-00A0C91BC942}") = "INSTALL", "INSTALL.vcxproj", "{4474DC79-99A4-360F-9831-FA096DCE1A1D}"
	ProjectSection(ProjectDependencies) = postProject
		{2FB5E8D0-08BC-3E28-AB2E-31B6F39D09F7} = {2FB5E8D0-08BC-3E28-AB2E-31B6F39D09F7}
		{EE7DB07B-F8C5-3FEA-8951-C2A97E885BDB} = {EE7DB07B-F8C5-3FEA-8951-C2A97E885BDB}
	EndProjectSection
EndProject
Project("{8BC9CEB8-8B4A-11D0-8D11-00A0C91BC942}") = "RUN_TESTS", "RUN_TESTS.vcxproj", "{8E1021D0-638E-3E64-9146-537DDE7F395F}"
	ProjectSection(ProjectDependencies) = postProject
		{EE7DB07B-F8C5-3FEA-8951-C2A97E885BDB} = {EE7DB07B-F8C5-3FEA-8951-C2A97E885BDB}
	EndProjectSection
EndProject
Project("{8BC9CEB8-8B4A-11D0-8D11-00A0C91BC942}") = "ZERO_CHECK", "ZERO_CHECK.vcxproj", "{EE7DB07B-F8C5-3FEA-8951-C2A97E885BDB}"
	ProjectSection(ProjectDependencies) = postProject
	EndProjectSection
EndProject
Project("{8BC9CEB8-8B4A-11D0-8D11-00A0C91BC942}") = "amqp_bind", "examples\amqp_bind.vcxproj", "{86196129-680D-3EAD-899E-C21B54CC7330}"
	ProjectSection(ProjectDependencies) = postProject
		{EE7DB07B-F8C5-3FEA-8951-C2A97E885BDB} = {EE7DB07B-F8C5-3FEA-8951-C2A97E885BDB}
		{BC8DD97F-442E-31A8-9B36-CA96FA1731AA} = {BC8DD97F-442E-31A8-9B36-CA96FA1731AA}
	EndProjectSection
EndProject
Project("{8BC9CEB8-8B4A-11D0-8D11-00A0C91BC942}") = "amqp_connect_timeout", "examples\amqp_connect_timeout.vcxproj", "{85A0ADBB-F78F-30A2-85E1-C8FF354ED43D}"
	ProjectSection(ProjectDependencies) = postProject
		{EE7DB07B-F8C5-3FEA-8951-C2A97E885BDB} = {EE7DB07B-F8C5-3FEA-8951-C2A97E885BDB}
		{BC8DD97F-442E-31A8-9B36-CA96FA1731AA} = {BC8DD97F-442E-31A8-9B36-CA96FA1731AA}
	EndProjectSection
EndProject
Project("{8BC9CEB8-8B4A-11D0-8D11-00A0C91BC942}") = "amqp_consumer", "examples\amqp_consumer.vcxproj", "{DB3718CA-EB4E-3030-9ED7-E9E9A4C4B8F9}"
	ProjectSection(ProjectDependencies) = postProject
		{EE7DB07B-F8C5-3FEA-8951-C2A97E885BDB} = {EE7DB07B-F8C5-3FEA-8951-C2A97E885BDB}
		{BC8DD97F-442E-31A8-9B36-CA96FA1731AA} = {BC8DD97F-442E-31A8-9B36-CA96FA1731AA}
	EndProjectSection
EndProject
Project("{8BC9CEB8-8B4A-11D0-8D11-00A0C91BC942}") = "amqp_exchange_declare", "examples\amqp_exchange_declare.vcxproj", "{9233BB0B-3CA5-364A-9FC8-E4AD9A0B54E5}"
	ProjectSection(ProjectDependencies) = postProject
		{EE7DB07B-F8C5-3FEA-8951-C2A97E885BDB} = {EE7DB07B-F8C5-3FEA-8951-C2A97E885BDB}
		{BC8DD97F-442E-31A8-9B36-CA96FA1731AA} = {BC8DD97F-442E-31A8-9B36-CA96FA1731AA}
	EndProjectSection
EndProject
Project("{8BC9CEB8-8B4A-11D0-8D11-00A0C91BC942}") = "amqp_listen", "examples\amqp_listen.vcxproj", "{63C70444-CC11-36BF-B9A4-6FC8CCCDC71A}"
	ProjectSection(ProjectDependencies) = postProject
		{EE7DB07B-F8C5-3FEA-8951-C2A97E885BDB} = {EE7DB07B-F8C5-3FEA-8951-C2A97E885BDB}
		{BC8DD97F-442E-31A8-9B36-CA96FA1731AA} = {BC8DD97F-442E-31A8-9B36-CA96FA1731AA}
	EndProjectSection
EndProject
Project("{8BC9CEB8-8B4A-11D0-8D11-00A0C91BC942}") = "amqp_listenq", "examples\amqp_listenq.vcxproj", "{00430490-C9F1-3DC9-B614-5914A49D8D96}"
	ProjectSection(ProjectDependencies) = postProject
		{EE7DB07B-F8C5-3FEA-8951-C2A97E885BDB} = {EE7DB07B-F8C5-3FEA-8951-C2A97E885BDB}
		{BC8DD97F-442E-31A8-9B36-CA96FA1731AA} = {BC8DD97F-442E-31A8-9B36-CA96FA1731AA}
	EndProjectSection
EndProject
Project("{8BC9CEB8-8B4A-11D0-8D11-00A0C91BC942}") = "amqp_producer", "examples\amqp_producer.vcxproj", "{36990A7B-CF9E-3F14-A446-5D97BC919A39}"
	ProjectSection(ProjectDependencies) = postProject
		{EE7DB07B-F8C5-3FEA-8951-C2A97E885BDB} = {EE7DB07B-F8C5-3FEA-8951-C2A97E885BDB}
		{BC8DD97F-442E-31A8-9B36-CA96FA1731AA} = {BC8DD97F-442E-31A8-9B36-CA96FA1731AA}
	EndProjectSection
EndProject
Project("{8BC9CEB8-8B4A-11D0-8D11-00A0C91BC942}") = "amqp_rpc_sendstring_client", "examples\amqp_rpc_sendstring_client.vcxproj", "{BAE692D4-A3B6-34E7-9905-2C99B642EE3F}"
	ProjectSection(ProjectDependencies) = postProject
		{EE7DB07B-F8C5-3FEA-8951-C2A97E885BDB} = {EE7DB07B-F8C5-3FEA-8951-C2A97E885BDB}
		{BC8DD97F-442E-31A8-9B36-CA96FA1731AA} = {BC8DD97F-442E-31A8-9B36-CA96FA1731AA}
	EndProjectSection
EndProject
Project("{8BC9CEB8-8B4A-11D0-8D11-00A0C91BC942}") = "amqp_sendstring", "examples\amqp_sendstring.vcxproj", "{98F52489-6E19-3930-8D4C-4A37C4A3A255}"
	ProjectSection(ProjectDependencies) = postProject
		{EE7DB07B-F8C5-3FEA-8951-C2A97E885BDB} = {EE7DB07B-F8C5-3FEA-8951-C2A97E885BDB}
		{BC8DD97F-442E-31A8-9B36-CA96FA1731AA} = {BC8DD97F-442E-31A8-9B36-CA96FA1731AA}
	EndProjectSection
EndProject
Project("{8BC9CEB8-8B4A-11D0-8D11-00A0C91BC942}") = "amqp_unbind", "examples\amqp_unbind.vcxproj", "{F8E02FA6-11A1-39C3-B399-DA36004EE312}"
	ProjectSection(ProjectDependencies) = postProject
		{EE7DB07B-F8C5-3FEA-8951-C2A97E885BDB} = {EE7DB07B-F8C5-3FEA-8951-C2A97E885BDB}
		{BC8DD97F-442E-31A8-9B36-CA96FA1731AA} = {BC8DD97F-442E-31A8-9B36-CA96FA1731AA}
	EndProjectSection
EndProject
Project("{8BC9CEB8-8B4A-11D0-8D11-00A0C91BC942}") = "docs", "docs.vcxproj", "{8F568915-B506-3780-8E21-EF33AEDAC1C3}"
	ProjectSection(ProjectDependencies) = postProject
		{EE7DB07B-F8C5-3FEA-8951-C2A97E885BDB} = {EE7DB07B-F8C5-3FEA-8951-C2A97E885BDB}
		{BC8DD97F-442E-31A8-9B36-CA96FA1731AA} = {BC8DD97F-442E-31A8-9B36-CA96FA1731AA}
	EndProjectSection
EndProject
Project("{8BC9CEB8-8B4A-11D0-8D11-00A0C91BC942}") = "rabbitmq", "librabbitmq\rabbitmq.vcxproj", "{BC8DD97F-442E-31A8-9B36-CA96FA1731AA}"
	ProjectSection(ProjectDependencies) = postProject
		{EE7DB07B-F8C5-3FEA-8951-C2A97E885BDB} = {EE7DB07B-F8C5-3FEA-8951-C2A97E885BDB}
	EndProjectSection
EndProject
Project("{8BC9CEB8-8B4A-11D0-8D11-00A0C91BC942}") = "rabbitmq-static", "librabbitmq\rabbitmq-static.vcxproj", "{6FD90680-FEC3-3EFB-B726-B791F8968727}"
	ProjectSection(ProjectDependencies) = postProject
		{EE7DB07B-F8C5-3FEA-8951-C2A97E885BDB} = {EE7DB07B-F8C5-3FEA-8951-C2A97E885BDB}
	EndProjectSection
EndProject
Project("{8BC9CEB8-8B4A-11D0-8D11-00A0C91BC942}") = "test_basic", "tests\test_basic.vcxproj", "{C37F628E-410D-3AD9-A88A-42FCD9C87359}"
	ProjectSection(ProjectDependencies) = postProject
		{EE7DB07B-F8C5-3FEA-8951-C2A97E885BDB} = {EE7DB07B-F8C5-3FEA-8951-C2A97E885BDB}
		{6FD90680-FEC3-3EFB-B726-B791F8968727} = {6FD90680-FEC3-3EFB-B726-B791F8968727}
	EndProjectSection
EndProject
Project("{8BC9CEB8-8B4A-11D0-8D11-00A0C91BC942}") = "test_hostcheck", "tests\test_hostcheck.vcxproj", "{BA4DEFA1-13A6-3578-B516-C7CA03DAFBD9}"
	ProjectSection(ProjectDependencies) = postProject
		{EE7DB07B-F8C5-3FEA-8951-C2A97E885BDB} = {EE7DB07B-F8C5-3FEA-8951-C2A97E885BDB}
	EndProjectSection
EndProject
Project("{8BC9CEB8-8B4A-11D0-8D11-00A0C91BC942}") = "test_merge_capabilities", "tests\test_merge_capabilities.vcxproj", "{7E5DA62A-96AC-3145-972F-76DBF2E452B2}"
	ProjectSection(ProjectDependencies) = postProject
		{EE7DB07B-F8C5-3FEA-8951-C2A97E885BDB} = {EE7DB07B-F8C5-3FEA-8951-C2A97E885BDB}
		{6FD90680-FEC3-3EFB-B726-B791F8968727} = {6FD90680-FEC3-3EFB-B726-B791F8968727}
	EndProjectSection
EndProject
Project("{8BC9CEB8-8B4A-11D0-8D11-00A0C91BC942}") = "test_parse_url", "tests\test_parse_url.vcxproj", "{5248882E-B027-36E0-A1F5-5C4864AB0E89}"
	ProjectSection(ProjectDependencies) = postProject
		{EE7DB07B-F8C5-3FEA-8951-C2A97E885BDB} = {EE7DB07B-F8C5-3FEA-8951-C2A97E885BDB}
		{6FD90680-FEC3-3EFB-B726-B791F8968727} = {6FD90680-FEC3-3EFB-B726-B791F8968727}
	EndProjectSection
EndProject
Project("{8BC9CEB8-8B4A-11D0-8D11-00A0C91BC942}") = "test_sasl_mechanism", "tests\test_sasl_mechanism.vcxproj", "{A86775CB-CCE5-3296-B005-887246B8B10F}"
	ProjectSection(ProjectDependencies) = postProject
		{EE7DB07B-F8C5-3FEA-8951-C2A97E885BDB} = {EE7DB07B-F8C5-3FEA-8951-C2A97E885BDB}
		{6FD90680-FEC3-3EFB-B726-B791F8968727} = {6FD90680-FEC3-3EFB-B726-B791F8968727}
	EndProjectSection
EndProject
Project("{8BC9CEB8-8B4A-11D0-8D11-00A0C91BC942}") = "test_status_enum", "tests\test_status_enum.vcxproj", "{B1A2931C-9ADF-3885-B08C-D82832064F7F}"
	ProjectSection(ProjectDependencies) = postProject
		{EE7DB07B-F8C5-3FEA-8951-C2A97E885BDB} = {EE7DB07B-F8C5-3FEA-8951-C2A97E885BDB}
		{6FD90680-FEC3-3EFB-B726-B791F8968727} = {6FD90680-FEC3-3EFB-B726-B791F8968727}
	EndProjectSection
EndProject
Project("{8BC9CEB8-8B4A-11D0-8D11-00A0C91BC942}") = "test_tables", "tests\test_tables.vcxproj", "{65BE604B-224D-34FC-BA7A-970073287FFF}"
	ProjectSection(ProjectDependencies) = postProject
		{EE7DB07B-F8C5-3FEA-8951-C2A97E885BDB} = {EE7DB07B-F8C5-3FEA-8951-C2A97E885BDB}
		{6FD90680-FEC3-3EFB-B726-B791F8968727} = {6FD90680-FEC3-3EFB-B726-B791F8968727}
	EndProjectSection
EndProject
Global
	GlobalSection(SolutionConfigurationPlatforms) = preSolution
		Debug|Win32 = Debug|Win32
		Release|Win32 = Release|Win32
		MinSizeRel|Win32 = MinSizeRel|Win32
		RelWithDebInfo|Win32 = RelWithDebInfo|Win32
	EndGlobalSection
	GlobalSection(ProjectConfigurationPlatforms) = postSolution
		{2FB5E8D0-08BC-3E28-AB2E-31B6F39D09F7}.Debug|Win32.ActiveCfg = Debug|Win32
		{2FB5E8D0-08BC-3E28-AB2E-31B6F39D09F7}.Debug|Win32.Build.0 = Debug|Win32
		{2FB5E8D0-08BC-3E28-AB2E-31B6F39D09F7}.Release|Win32.ActiveCfg = Release|Win32
		{2FB5E8D0-08BC-3E28-AB2E-31B6F39D09F7}.Release|Win32.Build.0 = Release|Win32
		{2FB5E8D0-08BC-3E28-AB2E-31B6F39D09F7}.MinSizeRel|Win32.ActiveCfg = MinSizeRel|Win32
		{2FB5E8D0-08BC-3E28-AB2E-31B6F39D09F7}.MinSizeRel|Win32.Build.0 = MinSizeRel|Win32
		{2FB5E8D0-08BC-3E28-AB2E-31B6F39D09F7}.RelWithDebInfo|Win32.ActiveCfg = RelWithDebInfo|Win32
		{2FB5E8D0-08BC-3E28-AB2E-31B6F39D09F7}.RelWithDebInfo|Win32.Build.0 = RelWithDebInfo|Win32
		{4474DC79-99A4-360F-9831-FA096DCE1A1D}.Debug|Win32.ActiveCfg = Debug|Win32
		{4474DC79-99A4-360F-9831-FA096DCE1A1D}.Release|Win32.ActiveCfg = Release|Win32
		{4474DC79-99A4-360F-9831-FA096DCE1A1D}.MinSizeRel|Win32.ActiveCfg = MinSizeRel|Win32
		{4474DC79-99A4-360F-9831-FA096DCE1A1D}.RelWithDebInfo|Win32.ActiveCfg = RelWithDebInfo|Win32
		{8E1021D0-638E-3E64-9146-537DDE7F395F}.Debug|Win32.ActiveCfg = Debug|Win32
		{8E1021D0-638E-3E64-9146-537DDE7F395F}.Release|Win32.ActiveCfg = Release|Win32
		{8E1021D0-638E-3E64-9146-537DDE7F395F}.MinSizeRel|Win32.ActiveCfg = MinSizeRel|Win32
		{8E1021D0-638E-3E64-9146-537DDE7F395F}.RelWithDebInfo|Win32.ActiveCfg = RelWithDebInfo|Win32
		{EE7DB07B-F8C5-3FEA-8951-C2A97E885BDB}.Debug|Win32.ActiveCfg = Debug|Win32
		{EE7DB07B-F8C5-3FEA-8951-C2A97E885BDB}.Debug|Win32.Build.0 = Debug|Win32
		{EE7DB07B-F8C5-3FEA-8951-C2A97E885BDB}.Release|Win32.ActiveCfg = Release|Win32
		{EE7DB07B-F8C5-3FEA-8951-C2A97E885BDB}.Release|Win32.Build.0 = Release|Win32
		{EE7DB07B-F8C5-3FEA-8951-C2A97E885BDB}.MinSizeRel|Win32.ActiveCfg = MinSizeRel|Win32
		{EE7DB07B-F8C5-3FEA-8951-C2A97E885BDB}.MinSizeRel|Win32.Build.0 = MinSizeRel|Win32
		{EE7DB07B-F8C5-3FEA-8951-C2A97E885BDB}.RelWithDebInfo|Win32.ActiveCfg = RelWithDebInfo|Win32
		{EE7DB07B-F8C5-3FEA-8951-C2A97E885BDB}.RelWithDebInfo|Win32.Build.0 = RelWithDebInfo|Win32
		{86196129-680D-3EAD-899E-C21B54CC7330}.Debug|Win32.ActiveCfg = Debug|Win32
		{86196129-680D-3EAD-899E-C21B54CC7330}.Debug|Win32.Build.0 = Debug|Win32
		{86196129-680D-3EAD-899E-C21B54CC7330}.Release|Win32.ActiveCfg = Release|Win32
		{86196129-680D-3EAD-899E-C21B54CC7330}.Release|Win32.Build.0 = Release|Win32
		{86196129-680D-3EAD-899E-C21B54CC7330}.MinSizeRel|Win32.ActiveCfg = MinSizeRel|Win32
		{86196129-680D-3EAD-899E-C21B54CC7330}.MinSizeRel|Win32.Build.0 = MinSizeRel|Win32
		{86196129-680D-3EAD-899E-C21B54CC7330}.RelWithDebInfo|Win32.ActiveCfg = RelWithDebInfo|Win32
		{86196129-680D-3EAD-899E-C21B54CC7330}.RelWithDebInfo|Win32.Build.0 = RelWithDebInfo|Win32
		{85A0ADBB-F78F-30A2-85E1-C8FF354ED43D}.Debug|Win32.ActiveCfg = Debug|Win32
		{85A0ADBB-F78F-30A2-85E1-C8FF354ED43D}.Debug|Win32.Build.0 = Debug|Win32
		{85A0ADBB-F78F-30A2-85E1-C8FF354ED43D}.Release|Win32.ActiveCfg = Release|Win32
		{85A0ADBB-F78F-30A2-85E1-C8FF354ED43D}.Release|Win32.Build.0 = Release|Win32
		{85A0ADBB-F78F-30A2-85E1-C8FF354ED43D}.MinSizeRel|Win32.ActiveCfg = MinSizeRel|Win32
		{85A0ADBB-F78F-30A2-85E1-C8FF354ED43D}.MinSizeRel|Win32.Build.0 = MinSizeRel|Win32
		{85A0ADBB-F78F-30A2-85E1-C8FF354ED43D}.RelWithDebInfo|Win32.ActiveCfg = RelWithDebInfo|Win32
		{85A0ADBB-F78F-30A2-85E1-C8FF354ED43D}.RelWithDebInfo|Win32.Build.0 = RelWithDebInfo|Win32
		{DB3718CA-EB4E-3030-9ED7-E9E9A4C4B8F9}.Debug|Win32.ActiveCfg = Debug|Win32
		{DB3718CA-EB4E-3030-9ED7-E9E9A4C4B8F9}.Debug|Win32.Build.0 = Debug|Win32
		{DB3718CA-EB4E-3030-9ED7-E9E9A4C4B8F9}.Release|Win32.ActiveCfg = Release|Win32
		{DB3718CA-EB4E-3030-9ED7-E9E9A4C4B8F9}.Release|Win32.Build.0 = Release|Win32
		{DB3718CA-EB4E-3030-9ED7-E9E9A4C4B8F9}.MinSizeRel|Win32.ActiveCfg = MinSizeRel|Win32
		{DB3718CA-EB4E-3030-9ED7-E9E9A4C4B8F9}.MinSizeRel|Win32.Build.0 = MinSizeRel|Win32
		{DB3718CA-EB4E-3030-9ED7-E9E9A4C4B8F9}.RelWithDebInfo|Win32.ActiveCfg = RelWithDebInfo|Win32
		{DB3718CA-EB4E-3030-9ED7-E9E9A4C4B8F9}.RelWithDebInfo|Win32.Build.0 = RelWithDebInfo|Win32
		{9233BB0B-3CA5-364A-9FC8-E4AD9A0B54E5}.Debug|Win32.ActiveCfg = Debug|Win32
		{9233BB0B-3CA5-364A-9FC8-E4AD9A0B54E5}.Debug|Win32.Build.0 = Debug|Win32
		{9233BB0B-3CA5-364A-9FC8-E4AD9A0B54E5}.Release|Win32.ActiveCfg = Release|Win32
		{9233BB0B-3CA5-364A-9FC8-E4AD9A0B54E5}.Release|Win32.Build.0 = Release|Win32
		{9233BB0B-3CA5-364A-9FC8-E4AD9A0B54E5}.MinSizeRel|Win32.ActiveCfg = MinSizeRel|Win32
		{9233BB0B-3CA5-364A-9FC8-E4AD9A0B54E5}.MinSizeRel|Win32.Build.0 = MinSizeRel|Win32
		{9233BB0B-3CA5-364A-9FC8-E4AD9A0B54E5}.RelWithDebInfo|Win32.ActiveCfg = RelWithDebInfo|Win32
		{9233BB0B-3CA5-364A-9FC8-E4AD9A0B54E5}.RelWithDebInfo|Win32.Build.0 = RelWithDebInfo|Win32
		{63C70444-CC11-36BF-B9A4-6FC8CCCDC71A}.Debug|Win32.ActiveCfg = Debug|Win32
		{63C70444-CC11-36BF-B9A4-6FC8CCCDC71A}.Debug|Win32.Build.0 = Debug|Win32
		{63C70444-CC11-36BF-B9A4-6FC8CCCDC71A}.Release|Win32.ActiveCfg = Release|Win32
		{63C70444-CC11-36BF-B9A4-6FC8CCCDC71A}.Release|Win32.Build.0 = Release|Win32
		{63C70444-CC11-36BF-B9A4-6FC8CCCDC71A}.MinSizeRel|Win32.ActiveCfg = MinSizeRel|Win32
		{63C70444-CC11-36BF-B9A4-6FC8CCCDC71A}.MinSizeRel|Win32.Build.0 = MinSizeRel|Win32
		{63C70444-CC11-36BF-B9A4-6FC8CCCDC71A}.RelWithDebInfo|Win32.ActiveCfg = RelWithDebInfo|Win32
		{63C70444-CC11-36BF-B9A4-6FC8CCCDC71A}.RelWithDebInfo|Win32.Build.0 = RelWithDebInfo|Win32
		{00430490-C9F1-3DC9-B614-5914A49D8D96}.Debug|Win32.ActiveCfg = Debug|Win32
		{00430490-C9F1-3DC9-B614-5914A49D8D96}.Debug|Win32.Build.0 = Debug|Win32
		{00430490-C9F1-3DC9-B614-5914A49D8D96}.Release|Win32.ActiveCfg = Release|Win32
		{00430490-C9F1-3DC9-B614-5914A49D8D96}.Release|Win32.Build.0 = Release|Win32
		{00430490-C9F1-3DC9-B614-5914A49D8D96}.MinSizeRel|Win32.ActiveCfg = MinSizeRel|Win32
		{00430490-C9F1-3DC9-B614-5914A49D8D96}.MinSizeRel|Win32.Build.0 = MinSizeRel|Win32
		{00430490-C9F1-3DC9-B614-5914A49D8D96}.RelWithDebInfo|Win32.ActiveCfg = RelWithDebInfo|Win32
		{00430490-C9F1-3DC9-B614-5914A49D8D96}.RelWithDebInfo|Win32.Build.0 = RelWithDebInfo|Win32
		{36990A7B-CF9E-3F14-A446-5D97BC919A39}.Debug|Win32.ActiveCfg = Debug|Win32
		{36990A7B-CF9E-3F14-A446-5D97BC919A39}.Debug|Win32.Build.0 = Debug|Win32
		{36990A7B-CF9E-3F14-A446-5D97BC919A39}.Release|Win32.ActiveCfg = Release|Win32
		{36990A7B-CF9E-3F14-A446-5D97BC919A39}.Release|Win32.Build.0 = Release|Win32
		{36990A7B-CF9E-3F14-A446-5D97BC919A39}.MinSizeRel|Win32.ActiveCfg = MinSizeRel|Win32
		{36990A7B-CF9E-3F14-A446-5D97BC919A39}.MinSizeRel|Win32.Build.0 = MinSizeRel|Win32
		{36990A7B-CF9E-3F14-A446-5D97BC919A39}.RelWithDebInfo|Win32.ActiveCfg = RelWithDebInfo|Win32
		{36990A7B-CF9E-3F14-A446-5D97BC919A39}.RelWithDebInfo|Win32.Build.0 = RelWithDebInfo|Win32
		{BAE692D4-A3B6-34E7-9905-2C99B642EE3F}.Debug|Win32.ActiveCfg = Debug|Win32
		{BAE692D4-A3B6-34E7-9905-2C99B642EE3F}.Debug|Win32.Build.0 = Debug|Win32
		{BAE692D4-A3B6-34E7-9905-2C99B642EE3F}.Release|Win32.ActiveCfg = Release|Win32
		{BAE692D4-A3B6-34E7-9905-2C99B642EE3F}.Release|Win32.Build.0 = Release|Win32
		{BAE692D4-A3B6-34E7-9905-2C99B642EE3F}.MinSizeRel|Win32.ActiveCfg = MinSizeRel|Win32
		{BAE692D4-A3B6-34E7-9905-2C99B642EE3F}.MinSizeRel|Win32.Build.0 = MinSizeRel|Win32
		{BAE692D4-A3B6-34E7-9905-2C99B642EE3F}.RelWithDebInfo|Win32.ActiveCfg = RelWithDebInfo|Win32
		{BAE692D4-A3B6-34E7-9905-2C99B642EE3F}.RelWithDebInfo|Win32.Build.0 = RelWithDebInfo|Win32
		{98F52489-6E19-3930-8D4C-4A37C4A3A255}.Debug|Win32.ActiveCfg = Debug|Win32
		{98F52489-6E19-3930-8D4C-4A37C4A3A255}.Debug|Win32.Build.0 = Debug|Win32
		{98F52489-6E19-3930-8D4C-4A37C4A3A255}.Release|Win32.ActiveCfg = Release|Win32
		{98F52489-6E19-3930-8D4C-4A37C4A3A255}.Release|Win32.Build.0 = Release|Win32
		{98F52489-6E19-3930-8D4C-4A37C4A3A255}.MinSizeRel|Win32.ActiveCfg = MinSizeRel|Win32
		{98F52489-6E19-3930-8D4C-4A37C4A3A255}.MinSizeRel|Win32.Build.0 = MinSizeRel|Win32
		{98F52489-6E19-3930-8D4C-4A37C4A3A255}.RelWithDebInfo|Win32.ActiveCfg = RelWithDebInfo|Win32
		{98F52489-6E19-3930-8D4C-4A37C4A3A255}.RelWithDebInfo|Win32.Build.0 = RelWithDebInfo|Win32
		{F8E02FA6-11A1-39C3-B399-DA36004EE312}.Debug|Win32.ActiveCfg = Debug|Win32
		{F8E02FA6-11A1-39C3-B399-DA36004EE312}.Debug|Win32.Build.0 = Debug|Win32
		{F8E02FA6-11A1-39C3-B399-DA36004EE312}.Release|Win32.ActiveCfg = Release|Win32
		{F8E02FA6-11A1-39C3-B399-DA36004EE312}.Release|Win32.Build.0 = Release|Win32
		{F8E02FA6-11A1-39C3-B399-DA36004EE312}.MinSizeRel|Win32.ActiveCfg = MinSizeRel|Win32
		{F8E02FA6-11A1-39C3-B399-DA36004EE312}.MinSizeRel|Win32.Build.0 = MinSizeRel|Win32
		{F8E02FA6-11A1-39C3-B399-DA36004EE312}.RelWithDebInfo|Win32.ActiveCfg = RelWithDebInfo|Win32
		{F8E02FA6-11A1-39C3-B399-DA36004EE312}.RelWithDebInfo|Win32.Build.0 = RelWithDebInfo|Win32
		{8F568915-B506-3780-8E21-EF33AEDAC1C3}.Debug|Win32.ActiveCfg = Debug|Win32
		{8F568915-B506-3780-8E21-EF33AEDAC1C3}.Release|Win32.ActiveCfg = Release|Win32
		{8F568915-B506-3780-8E21-EF33AEDAC1C3}.MinSizeRel|Win32.ActiveCfg = MinSizeRel|Win32
		{8F568915-B506-3780-8E21-EF33AEDAC1C3}.RelWithDebInfo|Win32.ActiveCfg = RelWithDebInfo|Win32
		{BC8DD97F-442E-31A8-9B36-CA96FA1731AA}.Debug|Win32.ActiveCfg = Debug|Win32
		{BC8DD97F-442E-31A8-9B36-CA96FA1731AA}.Debug|Win32.Build.0 = Debug|Win32
		{BC8DD97F-442E-31A8-9B36-CA96FA1731AA}.Release|Win32.ActiveCfg = Release|Win32
		{BC8DD97F-442E-31A8-9B36-CA96FA1731AA}.Release|Win32.Build.0 = Release|Win32
		{BC8DD97F-442E-31A8-9B36-CA96FA1731AA}.MinSizeRel|Win32.ActiveCfg = MinSizeRel|Win32
		{BC8DD97F-442E-31A8-9B36-CA96FA1731AA}.MinSizeRel|Win32.Build.0 = MinSizeRel|Win32
		{BC8DD97F-442E-31A8-9B36-CA96FA1731AA}.RelWithDebInfo|Win32.ActiveCfg = RelWithDebInfo|Win32
		{BC8DD97F-442E-31A8-9B36-CA96FA1731AA}.RelWithDebInfo|Win32.Build.0 = RelWithDebInfo|Win32
		{6FD90680-FEC3-3EFB-B726-B791F8968727}.Debug|Win32.ActiveCfg = Debug|Win32
		{6FD90680-FEC3-3EFB-B726-B791F8968727}.Debug|Win32.Build.0 = Debug|Win32
		{6FD90680-FEC3-3EFB-B726-B791F8968727}.Release|Win32.ActiveCfg = Release|Win32
		{6FD90680-FEC3-3EFB-B726-B791F8968727}.Release|Win32.Build.0 = Release|Win32
		{6FD90680-FEC3-3EFB-B726-B791F8968727}.MinSizeRel|Win32.ActiveCfg = MinSizeRel|Win32
		{6FD90680-FEC3-3EFB-B726-B791F8968727}.MinSizeRel|Win32.Build.0 = MinSizeRel|Win32
		{6FD90680-FEC3-3EFB-B726-B791F8968727}.RelWithDebInfo|Win32.ActiveCfg = RelWithDebInfo|Win32
		{6FD90680-FEC3-3EFB-B726-B791F8968727}.RelWithDebInfo|Win32.Build.0 = RelWithDebInfo|Win32
		{C37F628E-410D-3AD9-A88A-42FCD9C87359}.Debug|Win32.ActiveCfg = Debug|Win32
		{C37F628E-410D-3AD9-A88A-42FCD9C87359}.Debug|Win32.Build.0 = Debug|Win32
		{C37F628E-410D-3AD9-A88A-42FCD9C87359}.Release|Win32.ActiveCfg = Release|Win32
		{C37F628E-410D-3AD9-A88A-42FCD9C87359}.Release|Win32.Build.0 = Release|Win32
		{C37F628E-410D-3AD9-A88A-42FCD9C87359}.MinSizeRel|Win32.ActiveCfg = MinSizeRel|Win32
		{C37F628E-410D-3AD9-A88A-42FCD9C87359}.MinSizeRel|Win32.Build.0 = MinSizeRel|Win32
		{C37F628E-410D-3AD9-A88A-42FCD9C87359}.RelWithDebInfo|Win32.ActiveCfg = RelWithDebInfo|Win32
		{C37F628E-410D-3AD9-A88A-42FCD9C87359}.RelWithDebInfo|Win32.Build.0 = RelWithDebInfo|Win32
		{BA4DEFA1-13A6-3578-B516-C7CA03DAFBD9}.Debug|Win32.ActiveCfg = Debug|Win32
		{BA4DEFA1-13A6-3578-B516-C7CA03DAFBD9}.Debug|Win32.Build.0 = Debug|Win32
		{BA4DEFA1-13A6-3578-B516-C7CA03DAFBD9}.Release|Win32.ActiveCfg = Release|Win32
		{BA4DEFA1-13A6-3578-B516-C7CA03DAFBD9}.Release|Win32.Build.0 = Release|Win32
		{BA4DEFA1-13A6-3578-B516-C7CA03DAFBD9}.MinSizeRel|Win32.ActiveCfg = MinSizeRel|Win32
		{BA4DEFA1-13A6-3578-B516-C7CA03DAFBD9}.MinSizeRel|Win32.Build.0 = MinSizeRel|Win32
		{BA4DEFA1-13A6-3578-B516-C7CA03DAFBD9}.RelWithDebInfo|Win32.ActiveCfg = RelWithDebInfo|Win32
		{BA4DEFA1-13A6-3578-B516-C7CA03DAFBD9}.RelWithDebInfo|Win32.Build.0 = RelWithDebInfo|Win32
		{7E5DA62A-96AC-3145-972F-76DBF2E452B2}.Debug|Win32.ActiveCfg = Debug|Win32
		{7E5DA62A-96AC-3145-972F-76DBF2E452B2}.Debug|Win32.Build.0 = Debug|Win32
		{7E5DA62A-96AC-3145-972F-76DBF2E452B2}.Release|Win32.ActiveCfg = Release|Win32
		{7E5DA62A-96AC-3145-972F-76DBF2E452B2}.Release|Win32.Build.0 = Release|Win32
		{7E5DA62A-96AC-3145-972F-76DBF2E452B2}.MinSizeRel|Win32.ActiveCfg = MinSizeRel|Win32
		{7E5DA62A-96AC-3145-972F-76DBF2E452B2}.MinSizeRel|Win32.Build.0 = MinSizeRel|Win32
		{7E5DA62A-96AC-3145-972F-76DBF2E452B2}.RelWithDebInfo|Win32.ActiveCfg = RelWithDebInfo|Win32
		{7E5DA62A-96AC-3145-972F-76DBF2E452B2}.RelWithDebInfo|Win32.Build.0 = RelWithDebInfo|Win32
		{5248882E-B027-36E0-A1F5-5C4864AB0E89}.Debug|Win32.ActiveCfg = Debug|Win32
		{5248882E-B027-36E0-A1F5-5C4864AB0E89}.Debug|Win32.Build.0 = Debug|Win32
		{5248882E-B027-36E0-A1F5-5C4864AB0E89}.Release|Win32.ActiveCfg = Release|Win32
		{5248882E-B027-36E0-A1F5-5C4864AB0E89}.Release|Win32.Build.0 = Release|Win32
		{5248882E-B027-36E0-A1F5-5C4864AB0E89}.MinSizeRel|Win32.ActiveCfg = MinSizeRel|Win32
		{5248882E-B027-36E0-A1F5-5C4864AB0E89}.MinSizeRel|Win32.Build.0 = MinSizeRel|Win32
		{5248882E-B027-36E0-A1F5-5C4864AB0E89}.RelWithDebInfo|Win32.ActiveCfg = RelWithDebInfo|Win32
		{5248882E-B027-36E0-A1F5-5C4864AB0E89}.RelWithDebInfo|Win32.Build.0 = RelWithDebInfo|Win32
		{A86775CB-CCE5-3296-B005-887246B8B10F}.Debug|Win32.ActiveCfg = Debug|Win32
		{A86775CB-CCE5-3296-B005-887246B8B10F}.Debug|Win32.Build.0 = Debug|Win32
		{A86775CB-CCE5-3296-B005-887246B8B10F}.Release|Win32.ActiveCfg = Release|Win32
		{A86775CB-CCE5-3296-B005-887246B8B10F}.Release|Win32.Build.0 = Release|Win32
		{A86775CB-CCE5-3296-B005-887246B8B10F}.MinSizeRel|Win32.ActiveCfg = MinSizeRel|Win32
		{A86775CB-CCE5-3296-B005-887246B8B10F}.MinSizeRel|Win32.Build.0 = MinSizeRel|Win32
		{A86775CB-CCE5-3296-B005-887246B8B10F}.RelWithDebInfo|Win32.ActiveCfg = RelWithDebInfo|Win32
		{A86775CB-CCE5-3296-B005-887246B8B10F}.RelWithDebInfo|Win32.Build.0 = RelWithDebInfo|Win32
		{B1A2931C-9ADF-3885-B08C-D82832064F7F}.Debug|Win32.ActiveCfg = Debug|Win32
		{B1A2931C-9ADF-3885-B08C-D82832064F7F}.Debug|Win32.Build.0 = Debug|Win32
		{B1A2931C-9ADF-3885-B08C-D82832064F7F}.Release|Win32.ActiveCfg = Release|Win32
		{B1A2931C-9ADF-3885-B08C-D82832064F7F}.Release|Win32.Build.0 = Release|Win32
		{B1A2931C-9ADF-3885-B08C-D82832064F7F}.MinSizeRel|Win32.ActiveCfg = MinSizeRel|Win32
		{B1A2931C-9ADF-3885-B08C-D82832064F7F}.MinSizeRel|Win32.Build.0 = MinSizeRel|Win32
		{B1A2931C-9ADF-3885-B08C-D82832064F7F}.RelWithDebInfo|Win32.ActiveCfg = RelWithDebInfo|Win32
		{B1A2931C-9ADF-3885-B08C-D82832064F7F}.RelWithDebInfo|Win32.Build.0 = RelWithDebInfo|Win32
		{65BE604B-224D-34FC-BA7A-970073287FFF}.Debug|Win32.ActiveCfg = Debug|Win32
		{65BE604B-224D-34FC-BA7A-970073287FFF}.Debug|Win32.Build.0 = Debug|Win32
		{65BE604B-224D-34FC-BA7A-970073287FFF}.Release|Win32.ActiveCfg = Release|Win32
		{65BE604B-224D-34FC-BA7A-970073287FFF}.Release|Win32.Build.0 = Release|Win32
		{65BE604B-224D-34FC-BA7A-970073287FFF}.MinSizeRel|Win32.ActiveCfg = MinSizeRel|Win32
		{65BE604B-224D-34FC-BA7A-970073287FFF}.MinSizeRel|Win32.Build.0 = MinSizeRel|Win32
		{65BE604B-224D-34FC-BA7A-970073287FFF}.RelWithDebInfo|Win32.ActiveCfg = RelWithDebInfo|Win32
		{65BE604B-224D-34FC-BA7A-970073287FFF}.RelWithDebInfo|Win32.Build.0 = RelWithDebInfo|Win32
	EndGlobalSection
	GlobalSection(ExtensibilityGlobals) = postSolution
		SolutionGuid = {FB551841-2D2E-3C04-8AF5-B15F9D9A67C4}
	EndGlobalSection
	GlobalSection(ExtensibilityAddIns) = postSolution
	EndGlobalSection
EndGlobal
